# THIS IS AN AUTOGENERATED FILE. DO NOT EDIT THIS FILE DIRECTLY.
# yarn lockfile v1


tag-it@^2.0.0:
  version "2.0.0"
  resolved "https://registry.yarnpkg.com/tag-it/-/tag-it-2.0.0.tgz#7b618759df840fb90294a54257a947fa2b148542"
  integrity sha512-tyAsJbKfIk28TgcgjH7aK055HEzNPElZQ4d41YiNyfl9vjnDRJoK5rl46inzNNNt/oCBl1B1qy0zu7M6DKh9Rw==
